#MicroXplorer Configuration settings - do not modify
File.Version=6
GPIO.groupedBy=
KeepUserPlacement=false
Mcu.Family=STM32F0
Mcu.IP0=I2C2
Mcu.IP1=NVIC
Mcu.IP2=RCC
Mcu.IP3=SYS
Mcu.IP4=TIM1
Mcu.IP5=TIM16
Mcu.IP6=TSC
Mcu.IP7=USB
Mcu.IPNb=8
Mcu.Name=STM32F072C(8-B)Tx
Mcu.Package=LQFP48
Mcu.Pin0=PC13
Mcu.Pin1=PA0
Mcu.Pin10=PB13
Mcu.Pin11=PB14
Mcu.Pin12=PB15
Mcu.Pin13=PA8
Mcu.Pin14=PA11
Mcu.Pin15=PA12
Mcu.Pin16=PA13
Mcu.Pin17=PA14
Mcu.Pin18=PA15
Mcu.Pin19=PB8
Mcu.Pin2=PA1
Mcu.Pin20=VP_SYS_VS_Systick
Mcu.Pin21=VP_TIM1_VS_ClockSourceINT
Mcu.Pin22=VP_TIM16_VS_ClockSourceINT
Mcu.Pin3=PA2
Mcu.Pin4=PA7
Mcu.Pin5=PB1
Mcu.Pin6=PB2
Mcu.Pin7=PB10
Mcu.Pin8=PB11
Mcu.Pin9=PB12
Mcu.PinsNb=23
Mcu.ThirdPartyNb=0
Mcu.UserConstants=
Mcu.UserName=STM32F072CBTx
MxCube.Version=5.5.0
MxDb.Version=DB.5.0.50
NVIC.ForceEnableDMAVector=true
NVIC.HardFault_IRQn=true\:0\:0\:false\:false\:true\:false\:false
NVIC.NonMaskableInt_IRQn=true\:0\:0\:false\:false\:true\:false\:false
NVIC.PendSV_IRQn=true\:0\:0\:false\:false\:true\:false\:false
NVIC.SVC_IRQn=true\:0\:0\:false\:false\:true\:false\:false
NVIC.SysTick_IRQn=true\:0\:0\:false\:false\:true\:false\:true
NVIC.TSC_IRQn=true\:0\:0\:false\:false\:true\:true\:true
PA0.Mode=G1_IO1-Sampling
PA0.Signal=TSC_G1_IO1
PA1.Mode=G1_IO2-Channel
PA1.Signal=TSC_G1_IO2
PA11.Locked=true
PA11.Mode=Device
PA11.Signal=USB_DM
PA12.Mode=Device
PA12.Signal=USB_DP
PA13.Locked=true
PA13.Mode=Serial_Wire
PA13.Signal=SYS_SWDIO
PA14.Mode=Serial_Wire
PA14.Signal=SYS_SWCLK
PA15.GPIOParameters=GPIO_Label
PA15.GPIO_Label=IPS_RESET
PA15.Locked=true
PA15.Signal=GPIO_Output
PA2.Mode=G1_IO3-Channel
PA2.Signal=TSC_G1_IO3
PA7.GPIOParameters=GPIO_Label
PA7.GPIO_Label=LED
PA7.Locked=true
PA7.Signal=GPIO_Output
PA8.Locked=true
PA8.Signal=S_TIM1_CH1
PB1.GPIOParameters=GPIO_Label
PB1.GPIO_Label=ACC_INT1
PB1.Locked=true
PB1.Signal=GPXTI1
PB10.GPIOParameters=GPIO_Label
PB10.GPIO_Label=ACC_SCL
PB10.Locked=true
PB10.Mode=I2C
PB10.Signal=I2C2_SCL
PB11.GPIOParameters=GPIO_Label
PB11.GPIO_Label=ACC_SDA
PB11.Mode=I2C
PB11.Signal=I2C2_SDA
PB12.GPIOParameters=GPIO_Label
PB12.GPIO_Label=HX_SPS
PB12.Locked=true
PB12.Signal=GPIO_Output
PB13.GPIOParameters=GPIO_Label
PB13.GPIO_Label=HX_CLK
PB13.Locked=true
PB13.Signal=GPIO_Output
PB14.GPIOParameters=GPIO_Label
PB14.GPIO_Label=HX_DATA
PB14.Locked=true
PB14.Signal=GPIO_Input
PB15.GPIOParameters=GPIO_Label
PB15.GPIO_Label=HX_INT
PB15.Locked=true
PB15.Signal=GPXTI15
PB2.GPIOParameters=GPIO_Label
PB2.GPIO_Label=ACC_INT2
PB2.Locked=true
PB2.Signal=GPXTI2
PB8.GPIOParameters=GPIO_Label
PB8.GPIO_Label=IPS_PWM
PB8.Locked=true
PB8.Signal=S_TIM16_CH1
PC13.GPIOParameters=GPIO_Label
PC13.GPIO_Label=DFU
PC13.Locked=true
PC13.Signal=GPIO_Input
PCC.Checker=false
PCC.Line=STM32F0x2
PCC.MCU=STM32F072C(8-B)Tx
PCC.PartNumber=STM32F072CBTx
PCC.Seq0=0
PCC.Series=STM32F0
PCC.Temperature=25
PCC.Vdd=3.6
PinOutPanel.RotationAngle=0
ProjectManager.AskForMigrate=true
ProjectManager.BackupPrevious=false
ProjectManager.CompilerOptimize=6
ProjectManager.ComputerToolchain=false
ProjectManager.CoupleFile=false
ProjectManager.CustomerFirmwarePackage=
ProjectManager.DefaultFWLocation=true
ProjectManager.DeletePrevious=true
ProjectManager.DeviceId=STM32F072CBTx
ProjectManager.FirmwarePackage=STM32Cube FW_F0 V1.11.0
ProjectManager.FreePins=false
ProjectManager.HalAssertFull=false
ProjectManager.HeapSize=0x200
ProjectManager.KeepUserCode=true
ProjectManager.LastFirmware=true
ProjectManager.LibraryCopy=0
ProjectManager.MainLocation=Src
ProjectManager.NoMain=false
ProjectManager.PreviousToolchain=
ProjectManager.ProjectBuild=false
ProjectManager.ProjectFileName=scale.ioc
ProjectManager.ProjectName=scale
ProjectManager.StackSize=0x400
ProjectManager.TargetToolchain=EWARM V8.32
ProjectManager.ToolChainLocation=
ProjectManager.UnderRoot=false
ProjectManager.functionlistsort=
RCC.CECFreq_Value=32786.88524590164
RCC.FamilyName=M
RCC.HSICECFreq_Value=32786.88524590164
RCC.IPParameters=CECFreq_Value,FamilyName,HSICECFreq_Value,PLLCLKFreq_Value,PLLMCOFreq_Value,TimSysFreq_Value,VCOOutput2Freq_Value
RCC.PLLCLKFreq_Value=16000000
RCC.PLLMCOFreq_Value=16000000
RCC.TimSysFreq_Value=8000000
RCC.VCOOutput2Freq_Value=8000000
SH.GPXTI1.0=GPIO_EXTI1
SH.GPXTI1.ConfNb=1
SH.GPXTI15.0=GPIO_EXTI15
SH.GPXTI15.ConfNb=1
SH.GPXTI2.0=GPIO_EXTI2
SH.GPXTI2.ConfNb=1
SH.S_TIM16_CH1.0=TIM16_CH1,PWM Generation1 CH1
SH.S_TIM16_CH1.ConfNb=1
SH.S_TIM1_CH1.0=TIM1_CH1,PWM Generation1 CH1
SH.S_TIM1_CH1.ConfNb=1
TIM1.Channel-PWM\ Generation1\ CH1=TIM_CHANNEL_1
TIM1.IPParameters=Period,Channel-PWM Generation1 CH1
TIM1.Period=1000
TIM16.Channel=TIM_CHANNEL_1
TIM16.IPParameters=Channel,Prescaler,Period,Pulse
TIM16.Period=1000
TIM16.Prescaler=10
TIM16.Pulse=500
TSC.ChannelIOs-G1_IO2-Channel=TSC_GROUP1_IO2
TSC.ChannelIOs-G1_IO3-Channel=TSC_GROUP1_IO3
TSC.IPParameters=SamplingIOs-G1_IO1-Sampling,ChannelIOs-G1_IO2-Channel,ChannelIOs-G1_IO3-Channel,SpreadSpectrum,SpreadSpectrumDeviation,MaxCountValue
TSC.MaxCountValue=TSC_MCV_16383
TSC.SamplingIOs-G1_IO1-Sampling=TSC_GROUP1_IO1
TSC.SpreadSpectrum=ENABLE
TSC.SpreadSpectrumDeviation=32
VP_SYS_VS_Systick.Mode=SysTick
VP_SYS_VS_Systick.Signal=SYS_VS_Systick
VP_TIM16_VS_ClockSourceINT.Mode=Enable_Timer
VP_TIM16_VS_ClockSourceINT.Signal=TIM16_VS_ClockSourceINT
VP_TIM1_VS_ClockSourceINT.Mode=Internal
VP_TIM1_VS_ClockSourceINT.Signal=TIM1_VS_ClockSourceINT
board=custom
